
Microsoft Visual Studio Solution File, Format Version 12.00
# Visual Studio Version 17
VisualStudioVersion = 17.12.35514.174
MinimumVisualStudioVersion = 10.0.40219.1
Project("{FAE04EC0-301F-11D3-BF4B-00C04F79EFBC}") = "VisualLaplacePoisson2D", "VisualLaplacePoisson2D\VisualLaplacePoisson2D.csproj", "{78E46EEF-AA2C-4086-B189-0610CB4D17F1}"
EndProject
Global
	GlobalSection(SolutionConfigurationPlatforms) = preSolution
		Debug|x64 = Debug|x64
		Release|x64 = Release|x64
	EndGlobalSection
	GlobalSection(ProjectConfigurationPlatforms) = postSolution
		{78E46EEF-AA2C-4086-B189-0610CB4D17F1}.Debug|x64.ActiveCfg = Debug|x64
		{78E46EEF-AA2C-4086-B189-0610CB4D17F1}.Debug|x64.Build.0 = Debug|x64
		{78E46EEF-AA2C-4086-B189-0610CB4D17F1}.Release|x64.ActiveCfg = Release|x64
		{78E46EEF-AA2C-4086-B189-0610CB4D17F1}.Release|x64.Build.0 = Release|x64
	EndGlobalSection
	GlobalSection(SolutionProperties) = preSolution
		HideSolutionNode = FALSE
	EndGlobalSection
	GlobalSection(ExtensibilityGlobals) = postSolution
		SolutionGuid = {16347A6F-6790-4A3C-8697-586950335FF9}
	EndGlobalSection
EndGlobal
